{
  "name": "web-checkout",
  "version": "1.0.0",
  "lockfileVersion": 3,
  "requires": true,
  "packages": {
    "": {
      "name": "web-checkout",
      "version": "1.0.0",
      "dependencies": {
        "minimist": "1.2.5"
      },
      "bin": {
        "web-checkout": "src/cli.js"
      }
    },
    "node_modules/minimist": {
      "version": "1.2.5",
      "resolved": "https://registry.npmjs.org/minimist/-/minimist-1.2.5.tgz"
    }
  }
}
